
Microsoft Visual Studio Solution File, Format Version 12.00
# Visual Studio 2012
Project("{FAE04EC0-301F-11D3-BF4B-00C04F79EFBC}") = "jobBoardTests", "jobBoardTests\jobBoardTests.csproj", "{FC85C092-7A2D-4357-A4EF-87298205E6E2}"
EndProject
Project("{FAE04EC0-301F-11D3-BF4B-00C04F79EFBC}") = "reverseJobsBoard", "..\reverseJobsBoard\reverseJobsBoard.csproj", "{1A412AD7-80BC-4D3C-ABB1-CA325BA33C70}"
EndProject
Global
	GlobalSection(SolutionConfigurationPlatforms) = preSolution
		Debug|Any CPU = Debug|Any CPU
		Release|Any CPU = Release|Any CPU
	EndGlobalSection
	GlobalSection(ProjectConfigurationPlatforms) = postSolution
		{FC85C092-7A2D-4357-A4EF-87298205E6E2}.Debug|Any CPU.ActiveCfg = Debug|Any CPU
		{FC85C092-7A2D-4357-A4EF-87298205E6E2}.Debug|Any CPU.Build.0 = Debug|Any CPU
		{FC85C092-7A2D-4357-A4EF-87298205E6E2}.Release|Any CPU.ActiveCfg = Release|Any CPU
		{FC85C092-7A2D-4357-A4EF-87298205E6E2}.Release|Any CPU.Build.0 = Release|Any CPU
		{1A412AD7-80BC-4D3C-ABB1-CA325BA33C70}.Debug|Any CPU.ActiveCfg = Debug|Any CPU
		{1A412AD7-80BC-4D3C-ABB1-CA325BA33C70}.Debug|Any CPU.Build.0 = Debug|Any CPU
		{1A412AD7-80BC-4D3C-ABB1-CA325BA33C70}.Release|Any CPU.ActiveCfg = Release|Any CPU
		{1A412AD7-80BC-4D3C-ABB1-CA325BA33C70}.Release|Any CPU.Build.0 = Release|Any CPU
	EndGlobalSection
EndGlobal
